// !$*UTF8*$!
{
	archiveVersion = 1;
	classes = {
	};
	objectVersion = 48;
	objects = {

/* Begin PBXBuildFile section */
		CA84DD5E1FA36BB4007D829C /* AppDelegate.swift in Sources */ = {isa = PBXBuildFile; fileRef = CA84DD5D1FA36BB4007D829C /* AppDelegate.swift */; };
		CA84DD601FA36BB4007D829C /* ViewController.swift in Sources */ = {isa = PBXBuildFile; fileRef = CA84DD5F1FA36BB4007D829C /* ViewController.swift */; };
		CA84DD631FA36BB4007D829C /* Main.storyboard in Resources */ = {isa = PBXBuildFile; fileRef = CA84DD611FA36BB4007D829C /* Main.storyboard */; };
		CA84DD651FA36BB4007D829C /* Assets.xcassets in Resources */ = {isa = PBXBuildFile; fileRef = CA84DD641FA36BB4007D829C /* Assets.xcassets */; };
		CA84DD681FA36BB4007D829C /* LaunchScreen.storyboard in Resources */ = {isa = PBXBuildFile; fileRef = CA84DD661FA36BB4007D829C /* LaunchScreen.storyboard */; };
		CA84DD721FA36CE8007D829C /* IMG_002.JPG in Resources */ = {isa = PBXBuildFile; fileRef = CA84DD711FA36CE8007D829C /* IMG_002.JPG */; };
		CA84DD751FA36D2A007D829C /* IMG_003.jpg in Resources */ = {isa = PBXBuildFile; fileRef = CA84DD741FA36D2A007D829C /* IMG_003.jpg */; };
		CA84DD771FA36D39007D829C /* IMG_004.jpg in Resources */ = {isa = PBXBuildFile; fileRef = CA84DD761FA36D39007D829C /* IMG_004.jpg */; };
		CA84DD791FA36D44007D829C /* IMG_000.jpg in Resources */ = {isa = PBXBuildFile; fileRef = CA84DD781FA36D43007D829C /* IMG_000.jpg */; };
		CA84DD7B1FA36D70007D829C /* IMG_001.jpg in Resources */ = {isa = PBXBuildFile; fileRef = CA84DD7A1FA36D70007D829C /* IMG_001.jpg */; };
		CA84DD7D1FA36DEE007D829C /* SlideShowViewController.swift in Sources */ = {isa = PBXBuildFile; fileRef = CA84DD7C1FA36DEE007D829C /* SlideShowViewController.swift */; };
		CA84DD7F1FA36DFA007D829C /* PictureViewController.swift in Sources */ = {isa = PBXBuildFile; fileRef = CA84DD7E1FA36DFA007D829C /* PictureViewController.swift */; };
		CA84DD811FA37127007D829C /* Pictures.xcassets in Resources */ = {isa = PBXBuildFile; fileRef = CA84DD801FA37127007D829C /* Pictures.xcassets */; };
/* End PBXBuildFile section */

/* Begin PBXFileReference section */
		CA84DD5A1FA36BB4007D829C /* SlideshowApp.app */ = {isa = PBXFileReference; explicitFileType = wrapper.application; includeInIndex = 0; path = SlideshowApp.app; sourceTree = BUILT_PRODUCTS_DIR; };
		CA84DD5D1FA36BB4007D829C /* AppDelegate.swift */ = {isa = PBXFileReference; lastKnownFileType = sourcecode.swift; path = AppDelegate.swift; sourceTree = "<group>"; };
		CA84DD5F1FA36BB4007D829C /* ViewController.swift */ = {isa = PBXFileReference; lastKnownFileType = sourcecode.swift; path = ViewController.swift; sourceTree = "<group>"; };
		CA84DD621FA36BB4007D829C /* Base */ = {isa = PBXFileReference; lastKnownFileType = file.storyboard; name = Base; path = Base.lproj/Main.storyboard; sourceTree = "<group>"; };
		CA84DD641FA36BB4007D829C /* Assets.xcassets */ = {isa = PBXFileReference; lastKnownFileType = folder.assetcatalog; path = Assets.xcassets; sourceTree = "<group>"; };
		CA84DD671FA36BB4007D829C /* Base */ = {isa = PBXFileReference; lastKnownFileType = file.storyboard; name = Base; path = Base.lproj/LaunchScreen.storyboard; sourceTree = "<group>"; };
		CA84DD691FA36BB4007D829C /* Info.plist */ = {isa = PBXFileReference; lastKnownFileType = text.plist.xml; path = Info.plist; sourceTree = "<group>"; };
		CA84DD711FA36CE8007D829C /* IMG_002.JPG */ = {isa = PBXFileReference; lastKnownFileType = image.jpeg; path = IMG_002.JPG; sourceTree = "<group>"; };
		CA84DD741FA36D2A007D829C /* IMG_003.jpg */ = {isa = PBXFileReference; lastKnownFileType = image.jpeg; path = IMG_003.jpg; sourceTree = "<group>"; };
		CA84DD761FA36D39007D829C /* IMG_004.jpg */ = {isa = PBXFileReference; lastKnownFileType = image.jpeg; path = IMG_004.jpg; sourceTree = "<group>"; };
		CA84DD781FA36D43007D829C /* IMG_000.jpg */ = {isa = PBXFileReference; lastKnownFileType = image.jpeg; path = IMG_000.jpg; sourceTree = "<group>"; };
		CA84DD7A1FA36D70007D829C /* IMG_001.jpg */ = {isa = PBXFileReference; lastKnownFileType = image.jpeg; path = IMG_001.jpg; sourceTree = "<group>"; };
		CA84DD7C1FA36DEE007D829C /* SlideShowViewController.swift */ = {isa = PBXFileReference; lastKnownFileType = sourcecode.swift; path = SlideShowViewController.swift; sourceTree = "<group>"; };
		CA84DD7E1FA36DFA007D829C /* PictureViewController.swift */ = {isa = PBXFileReference; lastKnownFileType = sourcecode.swift; path = PictureViewController.swift; sourceTree = "<group>"; };
		CA84DD801FA37127007D829C /* Pictures.xcassets */ = {isa = PBXFileReference; lastKnownFileType = folder.assetcatalog; path = Pictures.xcassets; sourceTree = "<group>"; };
/* End PBXFileReference section */

/* Begin PBXFrameworksBuildPhase section */
		CA84DD571FA36BB4007D829C /* Frameworks */ = {
			isa = PBXFrameworksBuildPhase;
			buildActionMask = 2147483647;
			files = (
			);
			runOnlyForDeploymentPostprocessing = 0;
		};
/* End PBXFrameworksBuildPhase section */

/* Begin PBXGroup section */
		CA84DD511FA36BB4007D829C = {
			isa = PBXGroup;
			children = (
				CA84DD5C1FA36BB4007D829C /* SlideshowApp */,
				CA84DD5B1FA36BB4007D829C /* Products */,
			);
			sourceTree = "<group>";
		};
		CA84DD5B1FA36BB4007D829C /* Products */ = {
			isa = PBXGroup;
			children = (
				CA84DD5A1FA36BB4007D829C /* SlideshowApp.app */,
			);
			name = Products;
			sourceTree = "<group>";
		};
		CA84DD5C1FA36BB4007D829C /* SlideshowApp */ = {
			isa = PBXGroup;
			children = (
				CA84DD731FA36CEF007D829C /* Pictures */,
				CA84DD5D1FA36BB4007D829C /* AppDelegate.swift */,
				CA84DD5F1FA36BB4007D829C /* ViewController.swift */,
				CA84DD611FA36BB4007D829C /* Main.storyboard */,
				CA84DD7C1FA36DEE007D829C /* SlideShowViewController.swift */,
				CA84DD7E1FA36DFA007D829C /* PictureViewController.swift */,
				CA84DD641FA36BB4007D829C /* Assets.xcassets */,
				CA84DD801FA37127007D829C /* Pictures.xcassets */,
				CA84DD661FA36BB4007D829C /* LaunchScreen.storyboard */,
				CA84DD691FA36BB4007D829C /* Info.plist */,
			);
			path = SlideshowApp;
			sourceTree = "<group>";
		};
		CA84DD731FA36CEF007D829C /* Pictures */ = {
			isa = PBXGroup;
			children = (
				CA84DD781FA36D43007D829C /* IMG_000.jpg */,
				CA84DD7A1FA36D70007D829C /* IMG_001.jpg */,
				CA84DD711FA36CE8007D829C /* IMG_002.JPG */,
				CA84DD741FA36D2A007D829C /* IMG_003.jpg */,
				CA84DD761FA36D39007D829C /* IMG_004.jpg */,
			);
			path = Pictures;
			sourceTree = "<group>";
		};
/* End PBXGroup section */

/* Begin PBXNativeTarget section */
		CA84DD591FA36BB4007D829C /* SlideshowApp */ = {
			isa = PBXNativeTarget;
			buildConfigurationList = CA84DD6C1FA36BB4007D829C /* Build configuration list for PBXNativeTarget "SlideshowApp" */;
			buildPhases = (
				CA84DD561FA36BB4007D829C /* Sources */,
				CA84DD571FA36BB4007D829C /* Frameworks */,
				CA84DD581FA36BB4007D829C /* Resources */,
			);
			buildRules = (
			);
			dependencies = (
			);
			name = SlideshowApp;
			productName = SlideshowApp;
			productReference = CA84DD5A1FA36BB4007D829C /* SlideshowApp.app */;
			productType = "com.apple.product-type.application";
		};
/* End PBXNativeTarget section */

/* Begin PBXProject section */
		CA84DD521FA36BB4007D829C /* Project object */ = {
			isa = PBXProject;
			attributes = {
				LastSwiftUpdateCheck = 0900;
				LastUpgradeCheck = 0900;
				ORGANIZATIONNAME = "Daisuke Suzuki";
				TargetAttributes = {
					CA84DD591FA36BB4007D829C = {
						CreatedOnToolsVersion = 9.0.1;
						ProvisioningStyle = Automatic;
					};
				};
			};
			buildConfigurationList = CA84DD551FA36BB4007D829C /* Build configuration list for PBXProject "SlideshowApp" */;
			compatibilityVersion = "Xcode 8.0";
			developmentRegion = en;
			hasScannedForEncodings = 0;
			knownRegions = (
				en,
				Base,
			);
			mainGroup = CA84DD511FA36BB4007D829C;
			productRefGroup = CA84DD5B1FA36BB4007D829C /* Products */;
			projectDirPath = "";
			projectRoot = "";
			targets = (
				CA84DD591FA36BB4007D829C /* SlideshowApp */,
			);
		};
/* End PBXProject section */

/* Begin PBXResourcesBuildPhase section */
		CA84DD581FA36BB4007D829C /* Resources */ = {
			isa = PBXResourcesBuildPhase;
			buildActionMask = 2147483647;
			files = (
				CA84DD721FA36CE8007D829C /* IMG_002.JPG in Resources */,
				CA84DD751FA36D2A007D829C /* IMG_003.jpg in Resources */,
				CA84DD811FA37127007D829C /* Pictures.xcassets in Resources */,
				CA84DD791FA36D44007D829C /* IMG_000.jpg in Resources */,
				CA84DD681FA36BB4007D829C /* LaunchScreen.storyboard in Resources */,
				CA84DD651FA36BB4007D829C /* Assets.xcassets in Resources */,
				CA84DD7B1FA36D70007D829C /* IMG_001.jpg in Resources */,
				CA84DD771FA36D39007D829C /* IMG_004.jpg in Resources */,
				CA84DD631FA36BB4007D829C /* Main.storyboard in Resources */,
			);
			runOnlyForDeploymentPostprocessing = 0;
		};
/* End PBXResourcesBuildPhase section */

/* Begin PBXSourcesBuildPhase section */
		CA84DD561FA36BB4007D829C /* Sources */ = {
			isa = PBXSourcesBuildPhase;
			buildActionMask = 2147483647;
			files = (
				CA84DD601FA36BB4007D829C /* ViewController.swift in Sources */,
				CA84DD7F1FA36DFA007D829C /* PictureViewController.swift in Sources */,
				CA84DD5E1FA36BB4007D829C /* AppDelegate.swift in Sources */,
				CA84DD7D1FA36DEE007D829C /* SlideShowViewController.swift in Sources */,
			);
			runOnlyForDeploymentPostprocessing = 0;
		};
/* End PBXSourcesBuildPhase section */

/* Begin PBXVariantGroup section */
		CA84DD611FA36BB4007D829C /* Main.storyboard */ = {
			isa = PBXVariantGroup;
			children = (
				CA84DD621FA36BB4007D829C /* Base */,
			);
			name = Main.storyboard;
			sourceTree = "<group>";
		};
		CA84DD661FA36BB4007D829C /* LaunchScreen.storyboard */ = {
			isa = PBXVariantGroup;
			children = (
				CA84DD671FA36BB4007D829C /* Base */,
			);
			name = LaunchScreen.storyboard;
			sourceTree = "<group>";
		};
/* End PBXVariantGroup section */

/* Begin XCBuildConfiguration section */
		CA84DD6A1FA36BB4007D829C /* Debug */ = {
			isa = XCBuildConfiguration;
			buildSettings = {
				ALWAYS_SEARCH_USER_PATHS = NO;
				CLANG_ANALYZER_NONNULL = YES;
				CLANG_ANALYZER_NUMBER_OBJECT_CONVERSION = YES_AGGRESSIVE;
				CLANG_CXX_LANGUAGE_STANDARD = "gnu++14";
				CLANG_CXX_LIBRARY = "libc++";
				CLANG_ENABLE_MODULES = YES;
				CLANG_ENABLE_OBJC_ARC = YES;
				CLANG_WARN_BLOCK_CAPTURE_AUTORELEASING = YES;
				CLANG_WARN_BOOL_CONVERSION = YES;
				CLANG_WARN_COMMA = YES;
				CLANG_WARN_CONSTANT_CONVERSION = YES;
				CLANG_WARN_DIRECT_OBJC_ISA_USAGE = YES_ERROR;
				CLANG_WARN_DOCUMENTATION_COMMENTS = YES;
				CLANG_WARN_EMPTY_BODY = YES;
				CLANG_WARN_ENUM_CONVERSION = YES;
				CLANG_WARN_INFINITE_RECURSION = YES;
				CLANG_WARN_INT_CONVERSION = YES;
				CLANG_WARN_NON_LITERAL_NULL_CONVERSION = YES;
				CLANG_WARN_OBJC_LITERAL_CONVERSION = YES;
				CLANG_WARN_OBJC_ROOT_CLASS = YES_ERROR;
				CLANG_WARN_RANGE_LOOP_ANALYSIS = YES;
				CLANG_WARN_STRICT_PROTOTYPES = YES;
				CLANG_WARN_SUSPICIOUS_MOVE = YES;
				CLANG_WARN_UNGUARDED_AVAILABILITY = YES_AGGRESSIVE;
				CLANG_WARN_UNREACHABLE_CODE = YES;
				CLANG_WARN__DUPLICATE_METHOD_MATCH = YES;
				CODE_SIGN_IDENTITY = "iPhone Developer";
				COPY_PHASE_STRIP = NO;
				DEBUG_INFORMATION_FORMAT = dwarf;
				ENABLE_STRICT_OBJC_MSGSEND = YES;
				ENABLE_TESTABILITY = YES;
				GCC_C_LANGUAGE_STANDARD = gnu11;
				GCC_DYNAMIC_NO_PIC = NO;
				GCC_NO_COMMON_BLOCKS = YES;
				GCC_OPTIMIZATION_LEVEL = 0;
				GCC_PREPROCESSOR_DEFINITIONS = (
					"DEBUG=1",
					"$(inherited)",
				);
				GCC_WARN_64_TO_32_BIT_CONVERSION = YES;
				GCC_WARN_ABOUT_RETURN_TYPE = YES_ERROR;
				GCC_WARN_UNDECLARED_SELECTOR = YES;
				GCC_WARN_UNINITIALIZED_AUTOS = YES_AGGRESSIVE;
				GCC_WARN_UNUSED_FUNCTION = YES;
				GCC_WARN_UNUSED_VARIABLE = YES;
				IPHONEOS_DEPLOYMENT_TARGET = 11.0;
				MTL_ENABLE_DEBUG_INFO = YES;
				ONLY_ACTIVE_ARCH = YES;
				SDKROOT = iphoneos;
				SWIFT_ACTIVE_COMPILATION_CONDITIONS = DEBUG;
				SWIFT_OPTIMIZATION_LEVEL = "-Onone";
			};
			name = Debug;
		};
		CA84DD6B1FA36BB4007D829C /* Release */ = {
			isa = XCBuildConfiguration;
			buildSettings = {
				ALWAYS_SEARCH_USER_PATHS = NO;
				CLANG_ANALYZER_NONNULL = YES;
				CLANG_ANALYZER_NUMBER_OBJECT_CONVERSION = YES_AGGRESSIVE;
				CLANG_CXX_LANGUAGE_STANDARD = "gnu++14";
				CLANG_CXX_LIBRARY = "libc++";
				CLANG_ENABLE_MODULES = YES;
				CLANG_ENABLE_OBJC_ARC = YES;
				CLANG_WARN_BLOCK_CAPTURE_AUTORELEASING = YES;
				CLANG_WARN_BOOL_CONVERSION = YES;
				CLANG_WARN_COMMA = YES;
				CLANG_WARN_CONSTANT_CONVERSION = YES;
				CLANG_WARN_DIRECT_OBJC_ISA_USAGE = YES_ERROR;
				CLANG_WARN_DOCUMENTATION_COMMENTS = YES;
				CLANG_WARN_EMPTY_BODY = YES;
				CLANG_WARN_ENUM_CONVERSION = YES;
				CLANG_WARN_INFINITE_RECURSION = YES;
				CLANG_WARN_INT_CONVERSION = YES;
				CLANG_WARN_NON_LITERAL_NULL_CONVERSION = YES;
				CLANG_WARN_OBJC_LITERAL_CONVERSION = YES;
				CLANG_WARN_OBJC_ROOT_CLASS = YES_ERROR;
				CLANG_WARN_RANGE_LOOP_ANALYSIS = YES;
				CLANG_WARN_STRICT_PROTOTYPES = YES;
				CLANG_WARN_SUSPICIOUS_MOVE = YES;
				CLANG_WARN_UNGUARDED_AVAILABILITY = YES_AGGRESSIVE;
				CLANG_WARN_UNREACHABLE_CODE = YES;
				CLANG_WARN__DUPLICATE_METHOD_MATCH = YES;
				CODE_SIGN_IDENTITY = "iPhone Developer";
				COPY_PHASE_STRIP = NO;
				DEBUG_INFORMATION_FORMAT = "dwarf-with-dsym";
				ENABLE_NS_ASSERTIONS = NO;
				ENABLE_STRICT_OBJC_MSGSEND = YES;
				GCC_C_LANGUAGE_STANDARD = gnu11;
				GCC_NO_COMMON_BLOCKS = YES;
				GCC_WARN_64_TO_32_BIT_CONVERSION = YES;
				GCC_WARN_ABOUT_RETURN_TYPE = YES_ERROR;
				GCC_WARN_UNDECLARED_SELECTOR = YES;
				GCC_WARN_UNINITIALIZED_AUTOS = YES_AGGRESSIVE;
				GCC_WARN_UNUSED_FUNCTION = YES;
				GCC_WARN_UNUSED_VARIABLE = YES;
				IPHONEOS_DEPLOYMENT_TARGET = 11.0;
				MTL_ENABLE_DEBUG_INFO = NO;
				SDKROOT = iphoneos;
				SWIFT_OPTIMIZATION_LEVEL = "-Owholemodule";
				VALIDATE_PRODUCT = YES;
			};
			name = Release;
		};
		CA84DD6D1FA36BB4007D829C /* Debug */ = {
			isa = XCBuildConfiguration;
			buildSettings = {
				ASSETCATALOG_COMPILER_APPICON_NAME = AppIcon;
				CODE_SIGN_STYLE = Automatic;
				DEVELOPMENT_TEAM = 4R6Z63U3H5;
				INFOPLIST_FILE = SlideshowApp/Info.plist;
				LD_RUNPATH_SEARCH_PATHS = "$(inherited) @executable_path/Frameworks";
				PRODUCT_BUNDLE_IDENTIFIER = iconoclastgamestudio.SlideshowApp;
				PRODUCT_NAME = "$(TARGET_NAME)";
				SWIFT_VERSION = 3.0;
				TARGETED_DEVICE_FAMILY = "1,2";
			};
			name = Debug;
		};
		CA84DD6E1FA36BB4007D829C /* Release */ = {
			isa = XCBuildConfiguration;
			buildSettings = {
				ASSETCATALOG_COMPILER_APPICON_NAME = AppIcon;
				CODE_SIGN_STYLE = Automatic;
				DEVELOPMENT_TEAM = 4R6Z63U3H5;
				INFOPLIST_FILE = SlideshowApp/Info.plist;
				LD_RUNPATH_SEARCH_PATHS = "$(inherited) @executable_path/Frameworks";
				PRODUCT_BUNDLE_IDENTIFIER = iconoclastgamestudio.SlideshowApp;
				PRODUCT_NAME = "$(TARGET_NAME)";
				SWIFT_VERSION = 3.0;
				TARGETED_DEVICE_FAMILY = "1,2";
			};
			name = Release;
		};
/* End XCBuildConfiguration section */

/* Begin XCConfigurationList section */
		CA84DD551FA36BB4007D829C /* Build configuration list for PBXProject "SlideshowApp" */ = {
			isa = XCConfigurationList;
			buildConfigurations = (
				CA84DD6A1FA36BB4007D829C /* Debug */,
				CA84DD6B1FA36BB4007D829C /* Release */,
			);
			defaultConfigurationIsVisible = 0;
			defaultConfigurationName = Release;
		};
		CA84DD6C1FA36BB4007D829C /* Build configuration list for PBXNativeTarget "SlideshowApp" */ = {
			isa = XCConfigurationList;
			buildConfigurations = (
				CA84DD6D1FA36BB4007D829C /* Debug */,
				CA84DD6E1FA36BB4007D829C /* Release */,
			);
			defaultConfigurationIsVisible = 0;
			defaultConfigurationName = Release;
		};
/* End XCConfigurationList section */
	};
	rootObject = CA84DD521FA36BB4007D829C /* Project object */;
}
